
Microsoft Visual Studio Solution File, Format Version 12.00
Project("{FAE04EC0-301F-11D3-BF4B-00C04F79EFBC}") = "LeetCode", "LeetCode.csproj", "{675FD51C-66E6-4AF8-8781-2C70897A288F}"
EndProject
Global
	GlobalSection(SolutionConfigurationPlatforms) = preSolution
		Debug|Any CPU = Debug|Any CPU
		Release|Any CPU = Release|Any CPU
	EndGlobalSection
	GlobalSection(ProjectConfigurationPlatforms) = postSolution
		{675FD51C-66E6-4AF8-8781-2C70897A288F}.Debug|Any CPU.ActiveCfg = Debug|Any CPU
		{675FD51C-66E6-4AF8-8781-2C70897A288F}.Debug|Any CPU.Build.0 = Debug|Any CPU
		{675FD51C-66E6-4AF8-8781-2C70897A288F}.Release|Any CPU.ActiveCfg = Release|Any CPU
		{675FD51C-66E6-4AF8-8781-2C70897A288F}.Release|Any CPU.Build.0 = Release|Any CPU
	EndGlobalSection
EndGlobal
